// !$*UTF8*$!
{
	archiveVersion = 1;
	classes = {
	};
	objectVersion = 50;
	objects = {

/* Begin PBXBuildFile section */
		C2C9D97B25196120008C65F5 /* AppDelegate.swift in Sources */ = {isa = PBXBuildFile; fileRef = C2C9D97A25196120008C65F5 /* AppDelegate.swift */; };
		C2C9D97D25196120008C65F5 /* SceneDelegate.swift in Sources */ = {isa = PBXBuildFile; fileRef = C2C9D97C25196120008C65F5 /* SceneDelegate.swift */; };
		C2C9D97F25196120008C65F5 /* ViewController.swift in Sources */ = {isa = PBXBuildFile; fileRef = C2C9D97E25196120008C65F5 /* ViewController.swift */; };
		C2C9D98225196120008C65F5 /* Main.storyboard in Resources */ = {isa = PBXBuildFile; fileRef = C2C9D98025196120008C65F5 /* Main.storyboard */; };
		C2C9D98425196120008C65F5 /* Assets.xcassets in Resources */ = {isa = PBXBuildFile; fileRef = C2C9D98325196120008C65F5 /* Assets.xcassets */; };
		C2C9D98725196120008C65F5 /* LaunchScreen.storyboard in Resources */ = {isa = PBXBuildFile; fileRef = C2C9D98525196120008C65F5 /* LaunchScreen.storyboard */; };
		C2C9D99225196121008C65F5 /* TipCalcTests.swift in Sources */ = {isa = PBXBuildFile; fileRef = C2C9D99125196121008C65F5 /* TipCalcTests.swift */; };
		C2C9D99D25196121008C65F5 /* TipCalcUITests.swift in Sources */ = {isa = PBXBuildFile; fileRef = C2C9D99C25196121008C65F5 /* TipCalcUITests.swift */; };
/* End PBXBuildFile section */

/* Begin PBXContainerItemProxy section */
		C2C9D98E25196121008C65F5 /* PBXContainerItemProxy */ = {
			isa = PBXContainerItemProxy;
			containerPortal = C2C9D96F25196120008C65F5 /* Project object */;
			proxyType = 1;
			remoteGlobalIDString = C2C9D97625196120008C65F5;
			remoteInfo = TipCalc;
		};
		C2C9D99925196121008C65F5 /* PBXContainerItemProxy */ = {
			isa = PBXContainerItemProxy;
			containerPortal = C2C9D96F25196120008C65F5 /* Project object */;
			proxyType = 1;
			remoteGlobalIDString = C2C9D97625196120008C65F5;
			remoteInfo = TipCalc;
		};
/* End PBXContainerItemProxy section */

/* Begin PBXFileReference section */
		C2C9D97725196120008C65F5 /* TipCalc.app */ = {isa = PBXFileReference; explicitFileType = wrapper.application; includeInIndex = 0; path = TipCalc.app; sourceTree = BUILT_PRODUCTS_DIR; };
		C2C9D97A25196120008C65F5 /* AppDelegate.swift */ = {isa = PBXFileReference; lastKnownFileType = sourcecode.swift; path = AppDelegate.swift; sourceTree = "<group>"; };
		C2C9D97C25196120008C65F5 /* SceneDelegate.swift */ = {isa = PBXFileReference; lastKnownFileType = sourcecode.swift; path = SceneDelegate.swift; sourceTree = "<group>"; };
		C2C9D97E25196120008C65F5 /* ViewController.swift */ = {isa = PBXFileReference; lastKnownFileType = sourcecode.swift; path = ViewController.swift; sourceTree = "<group>"; };
		C2C9D98125196120008C65F5 /* Base */ = {isa = PBXFileReference; lastKnownFileType = file.storyboard; name = Base; path = Base.lproj/Main.storyboard; sourceTree = "<group>"; };
		C2C9D98325196120008C65F5 /* Assets.xcassets */ = {isa = PBXFileReference; lastKnownFileType = folder.assetcatalog; path = Assets.xcassets; sourceTree = "<group>"; };
		C2C9D98625196120008C65F5 /* Base */ = {isa = PBXFileReference; lastKnownFileType = file.storyboard; name = Base; path = Base.lproj/LaunchScreen.storyboard; sourceTree = "<group>"; };
		C2C9D98825196120008C65F5 /* Info.plist */ = {isa = PBXFileReference; lastKnownFileType = text.plist.xml; path = Info.plist; sourceTree = "<group>"; };
		C2C9D98D25196121008C65F5 /* TipCalcTests.xctest */ = {isa = PBXFileReference; explicitFileType = wrapper.cfbundle; includeInIndex = 0; path = TipCalcTests.xctest; sourceTree = BUILT_PRODUCTS_DIR; };
		C2C9D99125196121008C65F5 /* TipCalcTests.swift */ = {isa = PBXFileReference; lastKnownFileType = sourcecode.swift; path = TipCalcTests.swift; sourceTree = "<group>"; };
		C2C9D99325196121008C65F5 /* Info.plist */ = {isa = PBXFileReference; lastKnownFileType = text.plist.xml; path = Info.plist; sourceTree = "<group>"; };
		C2C9D99825196121008C65F5 /* TipCalcUITests.xctest */ = {isa = PBXFileReference; explicitFileType = wrapper.cfbundle; includeInIndex = 0; path = TipCalcUITests.xctest; sourceTree = BUILT_PRODUCTS_DIR; };
		C2C9D99C25196121008C65F5 /* TipCalcUITests.swift */ = {isa = PBXFileReference; lastKnownFileType = sourcecode.swift; path = TipCalcUITests.swift; sourceTree = "<group>"; };
		C2C9D99E25196121008C65F5 /* Info.plist */ = {isa = PBXFileReference; lastKnownFileType = text.plist.xml; path = Info.plist; sourceTree = "<group>"; };
/* End PBXFileReference section */

/* Begin PBXFrameworksBuildPhase section */
		C2C9D97425196120008C65F5 /* Frameworks */ = {
			isa = PBXFrameworksBuildPhase;
			buildActionMask = 2147483647;
			files = (
			);
			runOnlyForDeploymentPostprocessing = 0;
		};
		C2C9D98A25196121008C65F5 /* Frameworks */ = {
			isa = PBXFrameworksBuildPhase;
			buildActionMask = 2147483647;
			files = (
			);
			runOnlyForDeploymentPostprocessing = 0;
		};
		C2C9D99525196121008C65F5 /* Frameworks */ = {
			isa = PBXFrameworksBuildPhase;
			buildActionMask = 2147483647;
			files = (
			);
			runOnlyForDeploymentPostprocessing = 0;
		};
/* End PBXFrameworksBuildPhase section */

/* Begin PBXGroup section */
		C2C9D96E25196120008C65F5 = {
			isa = PBXGroup;
			children = (
				C2C9D97925196120008C65F5 /* TipCalc */,
				C2C9D99025196121008C65F5 /* TipCalcTests */,
				C2C9D99B25196121008C65F5 /* TipCalcUITests */,
				C2C9D97825196120008C65F5 /* Products */,
			);
			sourceTree = "<group>";
		};
		C2C9D97825196120008C65F5 /* Products */ = {
			isa = PBXGroup;
			children = (
				C2C9D97725196120008C65F5 /* TipCalc.app */,
				C2C9D98D25196121008C65F5 /* TipCalcTests.xctest */,
				C2C9D99825196121008C65F5 /* TipCalcUITests.xctest */,
			);
			name = Products;
			sourceTree = "<group>";
		};
		C2C9D97925196120008C65F5 /* TipCalc */ = {
			isa = PBXGroup;
			children = (
				C2C9D97A25196120008C65F5 /* AppDelegate.swift */,
				C2C9D97C25196120008C65F5 /* SceneDelegate.swift */,
				C2C9D97E25196120008C65F5 /* ViewController.swift */,
				C2C9D98025196120008C65F5 /* Main.storyboard */,
				C2C9D98325196120008C65F5 /* Assets.xcassets */,
				C2C9D98525196120008C65F5 /* LaunchScreen.storyboard */,
				C2C9D98825196120008C65F5 /* Info.plist */,
			);
			path = TipCalc;
			sourceTree = "<group>";
		};
		C2C9D99025196121008C65F5 /* TipCalcTests */ = {
			isa = PBXGroup;
			children = (
				C2C9D99125196121008C65F5 /* TipCalcTests.swift */,
				C2C9D99325196121008C65F5 /* Info.plist */,
			);
			path = TipCalcTests;
			sourceTree = "<group>";
		};
		C2C9D99B25196121008C65F5 /* TipCalcUITests */ = {
			isa = PBXGroup;
			children = (
				C2C9D99C25196121008C65F5 /* TipCalcUITests.swift */,
				C2C9D99E25196121008C65F5 /* Info.plist */,
			);
			path = TipCalcUITests;
			sourceTree = "<group>";
		};
/* End PBXGroup section */

/* Begin PBXNativeTarget section */
		C2C9D97625196120008C65F5 /* TipCalc */ = {
			isa = PBXNativeTarget;
			buildConfigurationList = C2C9D9A125196121008C65F5 /* Build configuration list for PBXNativeTarget "TipCalc" */;
			buildPhases = (
				C2C9D97325196120008C65F5 /* Sources */,
				C2C9D97425196120008C65F5 /* Frameworks */,
				C2C9D97525196120008C65F5 /* Resources */,
			);
			buildRules = (
			);
			dependencies = (
			);
			name = TipCalc;
			productName = TipCalc;
			productReference = C2C9D97725196120008C65F5 /* TipCalc.app */;
			productType = "com.apple.product-type.application";
		};
		C2C9D98C25196121008C65F5 /* TipCalcTests */ = {
			isa = PBXNativeTarget;
			buildConfigurationList = C2C9D9A425196121008C65F5 /* Build configuration list for PBXNativeTarget "TipCalcTests" */;
			buildPhases = (
				C2C9D98925196121008C65F5 /* Sources */,
				C2C9D98A25196121008C65F5 /* Frameworks */,
				C2C9D98B25196121008C65F5 /* Resources */,
			);
			buildRules = (
			);
			dependencies = (
				C2C9D98F25196121008C65F5 /* PBXTargetDependency */,
			);
			name = TipCalcTests;
			productName = TipCalcTests;
			productReference = C2C9D98D25196121008C65F5 /* TipCalcTests.xctest */;
			productType = "com.apple.product-type.bundle.unit-test";
		};
		C2C9D99725196121008C65F5 /* TipCalcUITests */ = {
			isa = PBXNativeTarget;
			buildConfigurationList = C2C9D9A725196121008C65F5 /* Build configuration list for PBXNativeTarget "TipCalcUITests" */;
			buildPhases = (
				C2C9D99425196121008C65F5 /* Sources */,
				C2C9D99525196121008C65F5 /* Frameworks */,
				C2C9D99625196121008C65F5 /* Resources */,
			);
			buildRules = (
			);
			dependencies = (
				C2C9D99A25196121008C65F5 /* PBXTargetDependency */,
			);
			name = TipCalcUITests;
			productName = TipCalcUITests;
			productReference = C2C9D99825196121008C65F5 /* TipCalcUITests.xctest */;
			productType = "com.apple.product-type.bundle.ui-testing";
		};
/* End PBXNativeTarget section */

/* Begin PBXProject section */
		C2C9D96F25196120008C65F5 /* Project object */ = {
			isa = PBXProject;
			attributes = {
				LastSwiftUpdateCheck = 1130;
				LastUpgradeCheck = 1130;
				ORGANIZATIONNAME = "Farjana Chadni";
				TargetAttributes = {
					C2C9D97625196120008C65F5 = {
						CreatedOnToolsVersion = 11.3;
					};
					C2C9D98C25196121008C65F5 = {
						CreatedOnToolsVersion = 11.3;
						TestTargetID = C2C9D97625196120008C65F5;
					};
					C2C9D99725196121008C65F5 = {
						CreatedOnToolsVersion = 11.3;
						TestTargetID = C2C9D97625196120008C65F5;
					};
				};
			};
			buildConfigurationList = C2C9D97225196120008C65F5 /* Build configuration list for PBXProject "TipCalc" */;
			compatibilityVersion = "Xcode 9.3";
			developmentRegion = en;
			hasScannedForEncodings = 0;
			knownRegions = (
				en,
				Base,
			);
			mainGroup = C2C9D96E25196120008C65F5;
			productRefGroup = C2C9D97825196120008C65F5 /* Products */;
			projectDirPath = "";
			projectRoot = "";
			targets = (
				C2C9D97625196120008C65F5 /* TipCalc */,
				C2C9D98C25196121008C65F5 /* TipCalcTests */,
				C2C9D99725196121008C65F5 /* TipCalcUITests */,
			);
		};
/* End PBXProject section */

/* Begin PBXResourcesBuildPhase section */
		C2C9D97525196120008C65F5 /* Resources */ = {
			isa = PBXResourcesBuildPhase;
			buildActionMask = 2147483647;
			files = (
				C2C9D98725196120008C65F5 /* LaunchScreen.storyboard in Resources */,
				C2C9D98425196120008C65F5 /* Assets.xcassets in Resources */,
				C2C9D98225196120008C65F5 /* Main.storyboard in Resources */,
			);
			runOnlyForDeploymentPostprocessing = 0;
		};
		C2C9D98B25196121008C65F5 /* Resources */ = {
			isa = PBXResourcesBuildPhase;
			buildActionMask = 2147483647;
			files = (
			);
			runOnlyForDeploymentPostprocessing = 0;
		};
		C2C9D99625196121008C65F5 /* Resources */ = {
			isa = PBXResourcesBuildPhase;
			buildActionMask = 2147483647;
			files = (
			);
			runOnlyForDeploymentPostprocessing = 0;
		};
/* End PBXResourcesBuildPhase section */

/* Begin PBXSourcesBuildPhase section */
		C2C9D97325196120008C65F5 /* Sources */ = {
			isa = PBXSourcesBuildPhase;
			buildActionMask = 2147483647;
			files = (
				C2C9D97F25196120008C65F5 /* ViewController.swift in Sources */,
				C2C9D97B25196120008C65F5 /* AppDelegate.swift in Sources */,
				C2C9D97D25196120008C65F5 /* SceneDelegate.swift in Sources */,
			);
			runOnlyForDeploymentPostprocessing = 0;
		};
		C2C9D98925196121008C65F5 /* Sources */ = {
			isa = PBXSourcesBuildPhase;
			buildActionMask = 2147483647;
			files = (
				C2C9D99225196121008C65F5 /* TipCalcTests.swift in Sources */,
			);
			runOnlyForDeploymentPostprocessing = 0;
		};
		C2C9D99425196121008C65F5 /* Sources */ = {
			isa = PBXSourcesBuildPhase;
			buildActionMask = 2147483647;
			files = (
				C2C9D99D25196121008C65F5 /* TipCalcUITests.swift in Sources */,
			);
			runOnlyForDeploymentPostprocessing = 0;
		};
/* End PBXSourcesBuildPhase section */

/* Begin PBXTargetDependency section */
		C2C9D98F25196121008C65F5 /* PBXTargetDependency */ = {
			isa = PBXTargetDependency;
			target = C2C9D97625196120008C65F5 /* TipCalc */;
			targetProxy = C2C9D98E25196121008C65F5 /* PBXContainerItemProxy */;
		};
		C2C9D99A25196121008C65F5 /* PBXTargetDependency */ = {
			isa = PBXTargetDependency;
			target = C2C9D97625196120008C65F5 /* TipCalc */;
			targetProxy = C2C9D99925196121008C65F5 /* PBXContainerItemProxy */;
		};
/* End PBXTargetDependency section */

/* Begin PBXVariantGroup section */
		C2C9D98025196120008C65F5 /* Main.storyboard */ = {
			isa = PBXVariantGroup;
			children = (
				C2C9D98125196120008C65F5 /* Base */,
			);
			name = Main.storyboard;
			sourceTree = "<group>";
		};
		C2C9D98525196120008C65F5 /* LaunchScreen.storyboard */ = {
			isa = PBXVariantGroup;
			children = (
				C2C9D98625196120008C65F5 /* Base */,
			);
			name = LaunchScreen.storyboard;
			sourceTree = "<group>";
		};
/* End PBXVariantGroup section */

/* Begin XCBuildConfiguration section */
		C2C9D99F25196121008C65F5 /* Debug */ = {
			isa = XCBuildConfiguration;
			buildSettings = {
				ALWAYS_SEARCH_USER_PATHS = NO;
				CLANG_ANALYZER_NONNULL = YES;
				CLANG_ANALYZER_NUMBER_OBJECT_CONVERSION = YES_AGGRESSIVE;
				CLANG_CXX_LANGUAGE_STANDARD = "gnu++14";
				CLANG_CXX_LIBRARY = "libc++";
				CLANG_ENABLE_MODULES = YES;
				CLANG_ENABLE_OBJC_ARC = YES;
				CLANG_ENABLE_OBJC_WEAK = YES;
				CLANG_WARN_BLOCK_CAPTURE_AUTORELEASING = YES;
				CLANG_WARN_BOOL_CONVERSION = YES;
				CLANG_WARN_COMMA = YES;
				CLANG_WARN_CONSTANT_CONVERSION = YES;
				CLANG_WARN_DEPRECATED_OBJC_IMPLEMENTATIONS = YES;
				CLANG_WARN_DIRECT_OBJC_ISA_USAGE = YES_ERROR;
				CLANG_WARN_DOCUMENTATION_COMMENTS = YES;
				CLANG_WARN_EMPTY_BODY = YES;
				CLANG_WARN_ENUM_CONVERSION = YES;
				CLANG_WARN_INFINITE_RECURSION = YES;
				CLANG_WARN_INT_CONVERSION = YES;
				CLANG_WARN_NON_LITERAL_NULL_CONVERSION = YES;
				CLANG_WARN_OBJC_IMPLICIT_RETAIN_SELF = YES;
				CLANG_WARN_OBJC_LITERAL_CONVERSION = YES;
				CLANG_WARN_OBJC_ROOT_CLASS = YES_ERROR;
				CLANG_WARN_RANGE_LOOP_ANALYSIS = YES;
				CLANG_WARN_STRICT_PROTOTYPES = YES;
				CLANG_WARN_SUSPICIOUS_MOVE = YES;
				CLANG_WARN_UNGUARDED_AVAILABILITY = YES_AGGRESSIVE;
				CLANG_WARN_UNREACHABLE_CODE = YES;
				CLANG_WARN__DUPLICATE_METHOD_MATCH = YES;
				COPY_PHASE_STRIP = NO;
				DEBUG_INFORMATION_FORMAT = dwarf;
				ENABLE_STRICT_OBJC_MSGSEND = YES;
				ENABLE_TESTABILITY = YES;
				GCC_C_LANGUAGE_STANDARD = gnu11;
				GCC_DYNAMIC_NO_PIC = NO;
				GCC_NO_COMMON_BLOCKS = YES;
				GCC_OPTIMIZATION_LEVEL = 0;
				GCC_PREPROCESSOR_DEFINITIONS = (
					"DEBUG=1",
					"$(inherited)",
				);
				GCC_WARN_64_TO_32_BIT_CONVERSION = YES;
				GCC_WARN_ABOUT_RETURN_TYPE = YES_ERROR;
				GCC_WARN_UNDECLARED_SELECTOR = YES;
				GCC_WARN_UNINITIALIZED_AUTOS = YES_AGGRESSIVE;
				GCC_WARN_UNUSED_FUNCTION = YES;
				GCC_WARN_UNUSED_VARIABLE = YES;
				IPHONEOS_DEPLOYMENT_TARGET = 13.2;
				MTL_ENABLE_DEBUG_INFO = INCLUDE_SOURCE;
				MTL_FAST_MATH = YES;
				ONLY_ACTIVE_ARCH = YES;
				SDKROOT = iphoneos;
				SWIFT_ACTIVE_COMPILATION_CONDITIONS = DEBUG;
				SWIFT_OPTIMIZATION_LEVEL = "-Onone";
			};
			name = Debug;
		};
		C2C9D9A025196121008C65F5 /* Release */ = {
			isa = XCBuildConfiguration;
			buildSettings = {
				ALWAYS_SEARCH_USER_PATHS = NO;
				CLANG_ANALYZER_NONNULL = YES;
				CLANG_ANALYZER_NUMBER_OBJECT_CONVERSION = YES_AGGRESSIVE;
				CLANG_CXX_LANGUAGE_STANDARD = "gnu++14";
				CLANG_CXX_LIBRARY = "libc++";
				CLANG_ENABLE_MODULES = YES;
				CLANG_ENABLE_OBJC_ARC = YES;
				CLANG_ENABLE_OBJC_WEAK = YES;
				CLANG_WARN_BLOCK_CAPTURE_AUTORELEASING = YES;
				CLANG_WARN_BOOL_CONVERSION = YES;
				CLANG_WARN_COMMA = YES;
				CLANG_WARN_CONSTANT_CONVERSION = YES;
				CLANG_WARN_DEPRECATED_OBJC_IMPLEMENTATIONS = YES;
				CLANG_WARN_DIRECT_OBJC_ISA_USAGE = YES_ERROR;
				CLANG_WARN_DOCUMENTATION_COMMENTS = YES;
				CLANG_WARN_EMPTY_BODY = YES;
				CLANG_WARN_ENUM_CONVERSION = YES;
				CLANG_WARN_INFINITE_RECURSION = YES;
				CLANG_WARN_INT_CONVERSION = YES;
				CLANG_WARN_NON_LITERAL_NULL_CONVERSION = YES;
				CLANG_WARN_OBJC_IMPLICIT_RETAIN_SELF = YES;
				CLANG_WARN_OBJC_LITERAL_CONVERSION = YES;
				CLANG_WARN_OBJC_ROOT_CLASS = YES_ERROR;
				CLANG_WARN_RANGE_LOOP_ANALYSIS = YES;
				CLANG_WARN_STRICT_PROTOTYPES = YES;
				CLANG_WARN_SUSPICIOUS_MOVE = YES;
				CLANG_WARN_UNGUARDED_AVAILABILITY = YES_AGGRESSIVE;
				CLANG_WARN_UNREACHABLE_CODE = YES;
				CLANG_WARN__DUPLICATE_METHOD_MATCH = YES;
				COPY_PHASE_STRIP = NO;
				DEBUG_INFORMATION_FORMAT = "dwarf-with-dsym";
				ENABLE_NS_ASSERTIONS = NO;
				ENABLE_STRICT_OBJC_MSGSEND = YES;
				GCC_C_LANGUAGE_STANDARD = gnu11;
				GCC_NO_COMMON_BLOCKS = YES;
				GCC_WARN_64_TO_32_BIT_CONVERSION = YES;
				GCC_WARN_ABOUT_RETURN_TYPE = YES_ERROR;
				GCC_WARN_UNDECLARED_SELECTOR = YES;
				GCC_WARN_UNINITIALIZED_AUTOS = YES_AGGRESSIVE;
				GCC_WARN_UNUSED_FUNCTION = YES;
				GCC_WARN_UNUSED_VARIABLE = YES;
				IPHONEOS_DEPLOYMENT_TARGET = 13.2;
				MTL_ENABLE_DEBUG_INFO = NO;
				MTL_FAST_MATH = YES;
				SDKROOT = iphoneos;
				SWIFT_COMPILATION_MODE = wholemodule;
				SWIFT_OPTIMIZATION_LEVEL = "-O";
				VALIDATE_PRODUCT = YES;
			};
			name = Release;
		};
		C2C9D9A225196121008C65F5 /* Debug */ = {
			isa = XCBuildConfiguration;
			buildSettings = {
				ASSETCATALOG_COMPILER_APPICON_NAME = AppIcon;
				CODE_SIGN_STYLE = Automatic;
				INFOPLIST_FILE = TipCalc/Info.plist;
				LD_RUNPATH_SEARCH_PATHS = (
					"$(inherited)",
					"@executable_path/Frameworks",
				);
				PRODUCT_BUNDLE_IDENTIFIER = "com.Farjana-Chadni.TipCalc";
				PRODUCT_NAME = "$(TARGET_NAME)";
				SWIFT_VERSION = 5.0;
				TARGETED_DEVICE_FAMILY = "1,2";
			};
			name = Debug;
		};
		C2C9D9A325196121008C65F5 /* Release */ = {
			isa = XCBuildConfiguration;
			buildSettings = {
				ASSETCATALOG_COMPILER_APPICON_NAME = AppIcon;
				CODE_SIGN_STYLE = Automatic;
				INFOPLIST_FILE = TipCalc/Info.plist;
				LD_RUNPATH_SEARCH_PATHS = (
					"$(inherited)",
					"@executable_path/Frameworks",
				);
				PRODUCT_BUNDLE_IDENTIFIER = "com.Farjana-Chadni.TipCalc";
				PRODUCT_NAME = "$(TARGET_NAME)";
				SWIFT_VERSION = 5.0;
				TARGETED_DEVICE_FAMILY = "1,2";
			};
			name = Release;
		};
		C2C9D9A525196121008C65F5 /* Debug */ = {
			isa = XCBuildConfiguration;
			buildSettings = {
				ALWAYS_EMBED_SWIFT_STANDARD_LIBRARIES = YES;
				BUNDLE_LOADER = "$(TEST_HOST)";
				CODE_SIGN_STYLE = Automatic;
				INFOPLIST_FILE = TipCalcTests/Info.plist;
				IPHONEOS_DEPLOYMENT_TARGET = 13.2;
				LD_RUNPATH_SEARCH_PATHS = (
					"$(inherited)",
					"@executable_path/Frameworks",
					"@loader_path/Frameworks",
				);
				PRODUCT_BUNDLE_IDENTIFIER = "com.Farjana-Chadni.TipCalcTests";
				PRODUCT_NAME = "$(TARGET_NAME)";
				SWIFT_VERSION = 5.0;
				TARGETED_DEVICE_FAMILY = "1,2";
				TEST_HOST = "$(BUILT_PRODUCTS_DIR)/TipCalc.app/TipCalc";
			};
			name = Debug;
		};
		C2C9D9A625196121008C65F5 /* Release */ = {
			isa = XCBuildConfiguration;
			buildSettings = {
				ALWAYS_EMBED_SWIFT_STANDARD_LIBRARIES = YES;
				BUNDLE_LOADER = "$(TEST_HOST)";
				CODE_SIGN_STYLE = Automatic;
				INFOPLIST_FILE = TipCalcTests/Info.plist;
				IPHONEOS_DEPLOYMENT_TARGET = 13.2;
				LD_RUNPATH_SEARCH_PATHS = (
					"$(inherited)",
					"@executable_path/Frameworks",
					"@loader_path/Frameworks",
				);
				PRODUCT_BUNDLE_IDENTIFIER = "com.Farjana-Chadni.TipCalcTests";
				PRODUCT_NAME = "$(TARGET_NAME)";
				SWIFT_VERSION = 5.0;
				TARGETED_DEVICE_FAMILY = "1,2";
				TEST_HOST = "$(BUILT_PRODUCTS_DIR)/TipCalc.app/TipCalc";
			};
			name = Release;
		};
		C2C9D9A825196121008C65F5 /* Debug */ = {
			isa = XCBuildConfiguration;
			buildSettings = {
				ALWAYS_EMBED_SWIFT_STANDARD_LIBRARIES = YES;
				CODE_SIGN_STYLE = Automatic;
				INFOPLIST_FILE = TipCalcUITests/Info.plist;
				LD_RUNPATH_SEARCH_PATHS = (
					"$(inherited)",
					"@executable_path/Frameworks",
					"@loader_path/Frameworks",
				);
				PRODUCT_BUNDLE_IDENTIFIER = "com.Farjana-Chadni.TipCalcUITests";
				PRODUCT_NAME = "$(TARGET_NAME)";
				SWIFT_VERSION = 5.0;
				TARGETED_DEVICE_FAMILY = "1,2";
				TEST_TARGET_NAME = TipCalc;
			};
			name = Debug;
		};
		C2C9D9A925196121008C65F5 /* Release */ = {
			isa = XCBuildConfiguration;
			buildSettings = {
				ALWAYS_EMBED_SWIFT_STANDARD_LIBRARIES = YES;
				CODE_SIGN_STYLE = Automatic;
				INFOPLIST_FILE = TipCalcUITests/Info.plist;
				LD_RUNPATH_SEARCH_PATHS = (
					"$(inherited)",
					"@executable_path/Frameworks",
					"@loader_path/Frameworks",
				);
				PRODUCT_BUNDLE_IDENTIFIER = "com.Farjana-Chadni.TipCalcUITests";
				PRODUCT_NAME = "$(TARGET_NAME)";
				SWIFT_VERSION = 5.0;
				TARGETED_DEVICE_FAMILY = "1,2";
				TEST_TARGET_NAME = TipCalc;
			};
			name = Release;
		};
/* End XCBuildConfiguration section */

/* Begin XCConfigurationList section */
		C2C9D97225196120008C65F5 /* Build configuration list for PBXProject "TipCalc" */ = {
			isa = XCConfigurationList;
			buildConfigurations = (
				C2C9D99F25196121008C65F5 /* Debug */,
				C2C9D9A025196121008C65F5 /* Release */,
			);
			defaultConfigurationIsVisible = 0;
			defaultConfigurationName = Release;
		};
		C2C9D9A125196121008C65F5 /* Build configuration list for PBXNativeTarget "TipCalc" */ = {
			isa = XCConfigurationList;
			buildConfigurations = (
				C2C9D9A225196121008C65F5 /* Debug */,
				C2C9D9A325196121008C65F5 /* Release */,
			);
			defaultConfigurationIsVisible = 0;
			defaultConfigurationName = Release;
		};
		C2C9D9A425196121008C65F5 /* Build configuration list for PBXNativeTarget "TipCalcTests" */ = {
			isa = XCConfigurationList;
			buildConfigurations = (
				C2C9D9A525196121008C65F5 /* Debug */,
				C2C9D9A625196121008C65F5 /* Release */,
			);
			defaultConfigurationIsVisible = 0;
			defaultConfigurationName = Release;
		};
		C2C9D9A725196121008C65F5 /* Build configuration list for PBXNativeTarget "TipCalcUITests" */ = {
			isa = XCConfigurationList;
			buildConfigurations = (
				C2C9D9A825196121008C65F5 /* Debug */,
				C2C9D9A925196121008C65F5 /* Release */,
			);
			defaultConfigurationIsVisible = 0;
			defaultConfigurationName = Release;
		};
/* End XCConfigurationList section */
	};
	rootObject = C2C9D96F25196120008C65F5 /* Project object */;
}
